
Microsoft Visual Studio Solution File, Format Version 12.00
# Visual Studio Version 17
VisualStudioVersion = 17.4.33103.184
MinimumVisualStudioVersion = 10.0.40219.1
Project("{FAE04EC0-301F-11D3-BF4B-00C04F79EFBC}") = "IterationStatementsEx3", "IterationStatementsEx3\IterationStatementsEx3.csproj", "{8CBEBCD6-C8B4-4891-B743-771923F6C26B}"
EndProject
Global
	GlobalSection(SolutionConfigurationPlatforms) = preSolution
		Debug|Any CPU = Debug|Any CPU
		Release|Any CPU = Release|Any CPU
	EndGlobalSection
	GlobalSection(ProjectConfigurationPlatforms) = postSolution
		{8CBEBCD6-C8B4-4891-B743-771923F6C26B}.Debug|Any CPU.ActiveCfg = Debug|Any CPU
		{8CBEBCD6-C8B4-4891-B743-771923F6C26B}.Debug|Any CPU.Build.0 = Debug|Any CPU
		{8CBEBCD6-C8B4-4891-B743-771923F6C26B}.Release|Any CPU.ActiveCfg = Release|Any CPU
		{8CBEBCD6-C8B4-4891-B743-771923F6C26B}.Release|Any CPU.Build.0 = Release|Any CPU
	EndGlobalSection
	GlobalSection(SolutionProperties) = preSolution
		HideSolutionNode = FALSE
	EndGlobalSection
	GlobalSection(ExtensibilityGlobals) = postSolution
		SolutionGuid = {3F6F3AE2-C441-474E-8D04-F7F89EA34BDD}
	EndGlobalSection
EndGlobal
